
Microsoft Visual Studio Solution File, Format Version 12.00
# Visual Studio 15
Project("{FAE04EC0-301F-11D3-BF4B-00C04F79EFBC}") = "Assembly-CSharp-firstpass", "Assembly-CSharp-firstpass.csproj", "{A1992995-EC94-755F-ACF2-D4937894EE53}"
EndProject
Project("{FAE04EC0-301F-11D3-BF4B-00C04F79EFBC}") = "Assembly-CSharp", "Assembly-CSharp.csproj", "{5138BB81-EC97-F064-0E55-DDE5149D656C}"
EndProject
Project("{FAE04EC0-301F-11D3-BF4B-00C04F79EFBC}") = "Assembly-CSharp-Editor-firstpass", "Assembly-CSharp-Editor-firstpass.csproj", "{CFC19165-8076-0248-D8E5-9614C24E3FE8}"
EndProject
Global
	GlobalSection(SolutionConfigurationPlatforms) = preSolution
		Debug|Any CPU = Debug|Any CPU
		Release|Any CPU = Release|Any CPU
	EndGlobalSection
	GlobalSection(ProjectConfigurationPlatforms) = postSolution
		{A1992995-EC94-755F-ACF2-D4937894EE53}.Debug|Any CPU.ActiveCfg = Debug|Any CPU
		{A1992995-EC94-755F-ACF2-D4937894EE53}.Debug|Any CPU.Build.0 = Debug|Any CPU
		{A1992995-EC94-755F-ACF2-D4937894EE53}.Release|Any CPU.ActiveCfg = Release|Any CPU
		{A1992995-EC94-755F-ACF2-D4937894EE53}.Release|Any CPU.Build.0 = Release|Any CPU
		{5138BB81-EC97-F064-0E55-DDE5149D656C}.Debug|Any CPU.ActiveCfg = Debug|Any CPU
		{5138BB81-EC97-F064-0E55-DDE5149D656C}.Debug|Any CPU.Build.0 = Debug|Any CPU
		{5138BB81-EC97-F064-0E55-DDE5149D656C}.Release|Any CPU.ActiveCfg = Release|Any CPU
		{5138BB81-EC97-F064-0E55-DDE5149D656C}.Release|Any CPU.Build.0 = Release|Any CPU
		{CFC19165-8076-0248-D8E5-9614C24E3FE8}.Debug|Any CPU.ActiveCfg = Debug|Any CPU
		{CFC19165-8076-0248-D8E5-9614C24E3FE8}.Debug|Any CPU.Build.0 = Debug|Any CPU
		{CFC19165-8076-0248-D8E5-9614C24E3FE8}.Release|Any CPU.ActiveCfg = Release|Any CPU
		{CFC19165-8076-0248-D8E5-9614C24E3FE8}.Release|Any CPU.Build.0 = Release|Any CPU
	EndGlobalSection
	GlobalSection(SolutionProperties) = preSolution
		HideSolutionNode = FALSE
	EndGlobalSection
EndGlobal
